
Microsoft Visual Studio Solution File, Format Version 12.00
# Visual Studio Version 17
VisualStudioVersion = 17.7.34024.191
MinimumVisualStudioVersion = 10.0.40219.1
Project("{FAE04EC0-301F-11D3-BF4B-00C04F79EFBC}") = "BaldursStarGate2dot0", "BaldursStarGate2dot0.csproj", "{197C0E21-2E31-4DD3-A043-7DFA618693D4}"
EndProject
Global
	GlobalSection(SolutionConfigurationPlatforms) = preSolution
		Debug|Any CPU = Debug|Any CPU
		Release|Any CPU = Release|Any CPU
	EndGlobalSection
	GlobalSection(ProjectConfigurationPlatforms) = postSolution
		{197C0E21-2E31-4DD3-A043-7DFA618693D4}.Debug|Any CPU.ActiveCfg = Debug|Any CPU
		{197C0E21-2E31-4DD3-A043-7DFA618693D4}.Debug|Any CPU.Build.0 = Debug|Any CPU
		{197C0E21-2E31-4DD3-A043-7DFA618693D4}.Release|Any CPU.ActiveCfg = Release|Any CPU
		{197C0E21-2E31-4DD3-A043-7DFA618693D4}.Release|Any CPU.Build.0 = Release|Any CPU
	EndGlobalSection
	GlobalSection(SolutionProperties) = preSolution
		HideSolutionNode = FALSE
	EndGlobalSection
	GlobalSection(ExtensibilityGlobals) = postSolution
		SolutionGuid = {F0E3F42A-FE13-493C-9DAC-A665AB77E107}
	EndGlobalSection
EndGlobal
